github.com/cheekybits/genny v1.0.0 h1:uGGa4nei+j20rOSeDeP5Of12XVm7TGUd4dJA9RDitfE=
github.com/cheekybits/genny v1.0.0/go.mod h1:+tQajlRqAUrPI7DOSpB0XAqZYtQakVtB7wXkRAgjxjQ=
github.com/cloudflare/sidh v0.0.0-20181111220428-fc8e6378752b h1:pqwbJdj1rgMkE38tDSNnP97wdMYHzV+Lt/aLL2qw2LQ=
github.com/cloudflare/sidh v0.0.0-20181111220428-fc8e6378752b/go.mod h1:o/DcCuWFr9jFzwO+c3y1hhwqKHHKfJ7HvLhWUwRnqfo=
github.com/davecgh/go-spew v1.1.0/go.mod h1:J7Y8YcW2NihsgmVo/mv3lAwl/skON4iLHjSsI+c5H38=
github.com/davecgh/go-spew v1.1.1 h1:vj9j/u1bqnvCEfJOwUhtlOARqs3+rkHYY13jYWTU97c=
github.com/davecgh/go-spew v1.1.1/go.mod h1:J7Y8YcW2NihsgmVo/mv3lAwl/skON4iLHjSsI+c5H38=
github.com/deepch/av v0.0.0-20160612005306-c437a98c9300 h1:QhxNOv69H71mvTbxB848MRxOjFb/B+0oiJ6UlzRsQtE=
github.com/deepch/av v0.0.0-20160612005306-c437a98c9300/go.mod h1:YxnjSNnOPIG5Xiyo3UEFzxLwATwqZoepjbxWsnBu9n4=
github.com/deepch/rtsp v0.0.0-20180827192050-70ae0abf31bd h1:sWWWJGTPjnbWOBN9FiKgoqcz4jXSKIQqbeQVEcVsAtE=
github.com/deepch/rtsp v0.0.0-20180827192050-70ae0abf31bd/go.mod h1:pr/YVynmlGAwXdpqdhJPVpEab8Ya6IxIzC5xCxcNklE=
github.com/deepch/sample_rtsp v0.0.0-20180827191708-90250a0f88be h1:MgS66zmhCExKt4cY2zmaXmGdIjC9kNUl6xUkJdrD3Eo=
github.com/deepch/sample_rtsp v0.0.0-20180827191708-90250a0f88be/go.mod h1:hCAs4/4DNqIY/55xbFXb24tTVv6NYJeOtTHz/hwueB0=
github.com/fsnotify/fsnotify v1.4.7/go.mod h1:jwhsz4b93w/PPRr/qN1Yymfu8t87LnFCMoQvtojpjFo=
github.com/golang/mock v1.2.0/go.mod h1:oTYuIxOrZwtPieC+H1uAHpcLFnEyAGVDL/k47Jfbm0A=
github.com/golang/protobuf v1.2.0/go.mod h1:6lQm79b+lXiMfvg/cZm0SGofjICqVBUtrP5yJMmIC1U=
github.com/google/go-cmp v0.2.0 h1:+dTQ8DZQJz0Mb/HjFlkptS1FeQ4cWSnN941F8aEG4SQ=
github.com/google/go-cmp v0.2.0/go.mod h1:oXzfMopK8JAjlY9xF4vHSVASa0yLyX7SntLO5aqRK0M=
github.com/gorilla/mux v1.7.0 h1:tOSd0UKHQd6urX6ApfOn4XdBMY6Sh1MfxV3kmaazO+U=
github.com/gorilla/mux v1.7.0/go.mod h1:1lud6UwP+6orDFRuTfBEV8e9/aOM/c4fVVCaMa2zaAs=
github.com/hpcloud/tail v1.0.0/go.mod h1:ab1qPbhIpdTxEkNHXyeSf5vhxWSCs/tWer42PpOxQnU=
github.com/onsi/ginkgo v1.6.0/go.mod h1:lLunBs/Ym6LB5Z9jYTR76FiuTmxDTDusOGeTQH+WWjE=
github.com/onsi/ginkgo v1.7.0/go.mod h1:lLunBs/Ym6LB5Z9jYTR76FiuTmxDTDusOGeTQH+WWjE=
github.com/onsi/gomega v1.4.3/go.mod h1:ex+gbHU/CVuBBDIJjb2X0qEXbFg53c61hWP/1CpauHY=
github.com/pions/datachannel v1.2.0 h1:N12qhHSRVlgBcaal2Hi4skdz7VI4yz6bNC5IJDMzCNw=
github.com/pions/datachannel v1.2.0/go.mod h1:MKPEKJRwX/a9/tyQvcVTUI9szyf8ZuUyZxSA9AVMSro=
github.com/pions/dtls v1.0.2 h1:VOIp3whGooFWS4X0RBOXaykNORYr05yjs8mlNYqRc+4=
github.com/pions/dtls v1.0.2/go.mod h1:T22vu8VCOxNmIrbe3nnM1UdIo3m1Bx5CJNkHyehahLg=
github.com/pions/dtls v1.2.1 h1:QR7HLXROoi61iBUnHXDIJ1dtzFCiiXlHMe+lqgAH4W8=
github.com/pions/dtls v1.2.1/go.mod h1:OgJcO0SqrDdQzqkCTdAp4xCQlbCmwZtGyhbthbq9zIA=
github.com/pions/pkg v0.0.0-20181115215726-b60cd756f712 h1:ciXO7F7PusyAzW/EZJt01bETgfTxP/BIGoWQ15pBP54=
github.com/pions/pkg v0.0.0-20181115215726-b60cd756f712/go.mod h1:r9wKZs+Xxv2acLspex4CHQiIhFjGK1zGP+nUm/8klXA=
github.com/pions/qtls-vendor-extracted v0.0.0-20190210024908-018998217c65 h1:skcEQZ2eUdm1WKlYu7y1y0HBzOwa1pgSAwvhG6PrI2s=
github.com/pions/qtls-vendor-extracted v0.0.0-20190210024908-018998217c65/go.mod h1:tSUehzG/8OAT3JvWvnovveLfRMM8NvgfN1LzwSrBX5s=
github.com/pions/quic v0.0.1 h1:SvloojnZl+wiaee/yKI88n/wQosFMCvatAKyxoRoiFQ=
github.com/pions/quic v0.0.1/go.mod h1:q62rRbOZG6Keu45rWWljWZHXmB3H7fKdeJ1KtNcDrNQ=
github.com/pions/quic-go v0.7.1-0.20190211221741-ec20a8498576 h1:fD1z2bI0qf8yiZGDg5dxhVPP6xtsACP6FN5rDhpDVfM=
github.com/pions/quic-go v0.7.1-0.20190211221741-ec20a8498576/go.mod h1:YvOsXPS6wXEfRGJobrsWSOBmlN6dkEIg+cUpnSDLkhc=
github.com/pions/rtcp v1.1.0 h1:WJarRpNaGE7aScgTXARaNIObMhIbftcbiPuhhqvDtl4=
github.com/pions/rtcp v1.1.0/go.mod h1:Q5twXlqiz775Yn37X0cl4lAsfSk8EiHgeNkte59jBY4=
github.com/pions/rtp v1.1.0 h1:aioiXSi2UclJptFRqmii76GTrlgry5ucCGtdKc+5VDs=
github.com/pions/rtp v1.1.0/go.mod h1:Bro/2l0PS5C3SQaEpLA+H34kpKIurx3K2Zln/nKjRMs=
github.com/pions/sctp v1.3.0/go.mod h1:GZTG/xApE7wdUFEQq2Rmzgxl/+YaB/L1k8xUl1D5bmo=
github.com/pions/sctp v1.4.1 h1:I2ubSPUxiZLy5REirzxnBbmUTonMcu+htkfF8vmY428=
github.com/pions/sctp v1.4.1/go.mod h1:dAna+Ct/aIIFiGW45yhGzuQjULWD7ni1vjoKHa9DsyU=
github.com/pions/sdp/v2 v2.1.0 h1:YbbbaceX1aB6j3hPVdQ6GnniIRKqT/rmfnt4XvKR/E0=
github.com/pions/sdp/v2 v2.1.0/go.mod h1:KGRBcHfpkgJXjrzKJz2wj/Jf1KWnsHdoIiqtayQ5QmE=
github.com/pions/srtp v1.1.1 h1:Y9icSUPQfW6U/kpjp30pBjLQMoVm320QK82GGEs0eMI=
github.com/pions/srtp v1.1.1/go.mod h1:rsKKOfxvHoa7/PflNk5jc/HMLpKsYK59vZpbPHM+lmQ=
github.com/pions/stun v0.2.0 h1:spIzpfkEg6HV+2iIo6qeOsAjtadZKzbXbrd2e9ZCCcs=
github.com/pions/stun v0.2.0/go.mod h1:rMdCIsqqnTLC4MOHJE3LNiFQRfIjUDzI1kzx//7oPOM=
github.com/pions/transport v0.0.0-20190110151433-e7cbf7d5f464/go.mod h1:HLhzI7I0k8TyiQ99hfRZNRf84lG76eaFnZHnVy/wFnM=
github.com/pions/transport v0.1.0/go.mod h1:HLhzI7I0k8TyiQ99hfRZNRf84lG76eaFnZHnVy/wFnM=
github.com/pions/transport v0.2.0/go.mod h1:HLhzI7I0k8TyiQ99hfRZNRf84lG76eaFnZHnVy/wFnM=
github.com/pions/transport v0.4.0 h1:1N6fluzmj5W/16eFLDsCB18s/xEkjVTek0K4IJz75FU=
github.com/pions/transport v0.4.0/go.mod h1:9gvUd8ZeyU4ZX7dhNuUq97mPoekopkd7eCJEyhKwVO0=
github.com/pions/webrtc v1.2.0 h1:U/UYMmhlVF9c1S2cfYZhR+frL0daetdP6yQnWOQzhJo=
github.com/pions/webrtc v1.2.0/go.mod h1:bih1dMY7qksVxZTG2XMjIA6J7D5b92+MJzXYe+G2kng=
github.com/pions/webrtc v1.2.1-0.20190313043448-08a93d89ba56 h1:Dw4dSoyoeIxfTRrLvmIrHqg97mWdAlqlXl93VO1ipdk=
github.com/pions/webrtc v1.2.1-0.20190313043448-08a93d89ba56/go.mod h1:BdVHVj2c0sHcc2coxe+W+3I9BpU1Th94d+jm/NTMOfY=
github.com/pkg/errors v0.8.0 h1:WdK/asTD0HN+q6hsWO3/vpuAkAr+tw6aNJNDFFf0+qw=
github.com/pkg/errors v0.8.0/go.mod h1:bwawxfHBFNV+L2hUp1rHADufV3IMtnDRdf1r5NINEl0=
github.com/pkg/errors v0.8.1 h1:iURUrRGxPUNPdy5/HRSm+Yj6okJ6UtLINN0Q9M4+h3I=
github.com/pkg/errors v0.8.1/go.mod h1:bwawxfHBFNV+L2hUp1rHADufV3IMtnDRdf1r5NINEl0=
github.com/pmezard/go-difflib v1.0.0 h1:4DBwDE0NGyQoBHbLQYPwSUPoCMWR5BEzIk/f1lZbAQM=
github.com/pmezard/go-difflib v1.0.0/go.mod h1:iKH77koFhYxTK1pcRnkKkqfTogsbg7gZNVY4sRDYZ/4=
github.com/stretchr/objx v0.1.0/go.mod h1:HFkY916IF+rwdDfMAkV7OtwuqBVzrE8GR6GFx+wExME=
github.com/stretchr/testify v1.2.2 h1:bSDNvY7ZPG5RlJ8otE/7V6gMiyenm9RtJ7IUVIAoJ1w=
github.com/stretchr/testify v1.2.2/go.mod h1:a8OnRcib4nhh0OaRAV+Yts87kKdq0PP7pXfy6kDkUVs=
github.com/stretchr/testify v1.3.0 h1:TivCn/peBQ7UY8ooIcPgZFpTNSz0Q2U6UrFlUfqbe0Q=
github.com/stretchr/testify v1.3.0/go.mod h1:M5WIy9Dh21IEIfnGCwXGc5bZfKNJtfHm1UVUgZn+9EI=
golang.org/x/crypto v0.0.0-20181203042331-505ab145d0a9 h1:mKdxBk7AujPs8kU4m80U72y/zjbZ3UcXC7dClwKbUI0=
golang.org/x/crypto v0.0.0-20181203042331-505ab145d0a9/go.mod h1:6SG95UA2DQfeDnfUPMdvaQW0Q7yPrPDi9nlGo2tz2b4=
golang.org/x/crypto v0.0.0-20190123085648-057139ce5d2b/go.mod h1:6SG95UA2DQfeDnfUPMdvaQW0Q7yPrPDi9nlGo2tz2b4=
golang.org/x/crypto v0.0.0-20190219172222-a4c6cb3142f2 h1:NwxKRvbkH5MsNkvOtPZi3/3kmI8CAzs3mtv+GLQMkNo=
golang.org/x/crypto v0.0.0-20190219172222-a4c6cb3142f2/go.mod h1:6SG95UA2DQfeDnfUPMdvaQW0Q7yPrPDi9nlGo2tz2b4=
golang.org/x/net v0.0.0-20180906233101-161cd47e91fd/go.mod h1:mL1N/T3taQHkDXs73rZJwtUhF3w3ftmwwsq0BUmARs4=
golang.org/x/net v0.0.0-20181220203305-927f97764cc3 h1:eH6Eip3UpmR+yM/qI9Ijluzb1bNv/cAU/n+6l8tRSis=
golang.org/x/net v0.0.0-20181220203305-927f97764cc3/go.mod h1:mL1N/T3taQHkDXs73rZJwtUhF3w3ftmwwsq0BUmARs4=
golang.org/x/sync v0.0.0-20180314180146-1d60e4601c6f/go.mod h1:RxMgew5VJxzue5/jJTE5uejpjVlOe/izrB70Jof72aM=
golang.org/x/sys v0.0.0-20180909124046-d0be0721c37e h1:o3PsSEY8E4eXWkXrIP9YJALUkVZqzHJT5DOasTyn8Vs=
golang.org/x/sys v0.0.0-20180909124046-d0be0721c37e/go.mod h1:STP8DvDyc/dI5b8T5hshtkjS+E42TnysNCUPdjciGhY=
golang.org/x/text v0.3.0/go.mod h1:NqM8EUOU14njkJ3fqMW+pc6Ldnwhi/IjpwHt7yyuwOQ=
gopkg.in/check.v1 v0.0.0-20161208181325-20d25e280405/go.mod h1:Co6ibVJAznAaIkqp8huTwlJQCZ016jof/cbN4VW5Yz0=
gopkg.in/fsnotify.v1 v1.4.7/go.mod h1:Tz8NjZHkW78fSQdbUxIjBTcgA1z1m8ZHf0WmKUhAMys=
gopkg.in/tomb.v1 v1.0.0-20141024135613-dd632973f1e7/go.mod h1:dt/ZhP58zS4L8KSrWDmTeBkI65Dw0HsyUHuEVlX15mw=
gopkg.in/yaml.v2 v2.2.1/go.mod h1:hI93XBmqTisBFMUTm0b8Fm+jr3Dg1NNxqwp+5A1VGuI=
gotest.tools v2.2.0+incompatible h1:VsBPFP1AI068pPrMxtb/S8Zkgf9xEmTLJjfM+P5UIEo=
gotest.tools v2.2.0+incompatible/go.mod h1:DsYFclhRJ6vuDpmuTbkuFWG+y2sxOXAzmJt81HFBacw=
