github.com/cheekybits/genny v1.0.0/go.mod h1:+tQajlRqAUrPI7DOSpB0XAqZYtQakVtB7wXkRAgjxjQ=
github.com/davecgh/go-spew v1.1.0/go.mod h1:J7Y8YcW2NihsgmVo/mv3lAwl/skON4iLHjSsI+c5H38=
github.com/davecgh/go-spew v1.1.1/go.mod h1:J7Y8YcW2NihsgmVo/mv3lAwl/skON4iLHjSsI+c5H38=
github.com/deepch/av v0.0.0-20160612005306-c437a98c9300 h1:QhxNOv69H71mvTbxB848MRxOjFb/B+0oiJ6UlzRsQtE=
github.com/deepch/av v0.0.0-20160612005306-c437a98c9300/go.mod h1:YxnjSNnOPIG5Xiyo3UEFzxLwATwqZoepjbxWsnBu9n4=
github.com/deepch/rtsp v0.0.0-20180827192050-70ae0abf31bd h1:sWWWJGTPjnbWOBN9FiKgoqcz4jXSKIQqbeQVEcVsAtE=
github.com/deepch/rtsp v0.0.0-20180827192050-70ae0abf31bd/go.mod h1:pr/YVynmlGAwXdpqdhJPVpEab8Ya6IxIzC5xCxcNklE=
github.com/deepch/sample_rtsp v0.0.0-20180827191708-90250a0f88be h1:MgS66zmhCExKt4cY2zmaXmGdIjC9kNUl6xUkJdrD3Eo=
github.com/deepch/sample_rtsp v0.0.0-20180827191708-90250a0f88be/go.mod h1:hCAs4/4DNqIY/55xbFXb24tTVv6NYJeOtTHz/hwueB0=
github.com/fsnotify/fsnotify v1.4.7/go.mod h1:jwhsz4b93w/PPRr/qN1Yymfu8t87LnFCMoQvtojpjFo=
github.com/golang/mock v1.2.0/go.mod h1:oTYuIxOrZwtPieC+H1uAHpcLFnEyAGVDL/k47Jfbm0A=
github.com/golang/protobuf v1.2.0/go.mod h1:6lQm79b+lXiMfvg/cZm0SGofjICqVBUtrP5yJMmIC1U=
github.com/gorilla/mux v1.7.1 h1:Dw4jY2nghMMRsh1ol8dv1axHkDwMQK2DHerMNJsIpJU=
github.com/gorilla/mux v1.7.1/go.mod h1:1lud6UwP+6orDFRuTfBEV8e9/aOM/c4fVVCaMa2zaAs=
github.com/hpcloud/tail v1.0.0/go.mod h1:ab1qPbhIpdTxEkNHXyeSf5vhxWSCs/tWer42PpOxQnU=
github.com/lucas-clemente/quic-go v0.7.1-0.20190401152353-907071221cf9/go.mod h1:PpMmPfPKO9nKJ/psF49ESTAGQSdfXxlg1otPbEB2nOw=
github.com/marten-seemann/qtls v0.2.3/go.mod h1:xzjG7avBwGGbdZ8dTGxlBnLArsVKLvwmjgmPuiQEcYk=
github.com/onsi/ginkgo v1.6.0/go.mod h1:lLunBs/Ym6LB5Z9jYTR76FiuTmxDTDusOGeTQH+WWjE=
github.com/onsi/ginkgo v1.7.0/go.mod h1:lLunBs/Ym6LB5Z9jYTR76FiuTmxDTDusOGeTQH+WWjE=
github.com/onsi/gomega v1.4.3/go.mod h1:ex+gbHU/CVuBBDIJjb2X0qEXbFg53c61hWP/1CpauHY=
github.com/pion/datachannel v1.4.0 h1:PpLdUnwu4Z1VuJfilQkOALBbsf1vEHfQOqWgNaaiToo=
github.com/pion/datachannel v1.4.0/go.mod h1:FEAjrtIFsfajISB10H0prZmqoPulsYTqGCm/a7rcqXM=
github.com/pion/dtls v1.3.3 h1:g6CLJfTEOt0fcLZFNxIOy0sbz1sLsA0XpIFgHrWGi0A=
github.com/pion/dtls v1.3.3/go.mod h1:CjlPLfQdsTg3G4AEXjJp8FY5bRweBlxHrgoFrN+fQsk=
github.com/pion/ice v0.2.5 h1:tya9JnmxOxz09z+ot3L1PIyKwAlyXarHlPU7ElVOBjI=
github.com/pion/ice v0.2.5/go.mod h1:igvbO76UeYthbSu0UsUTqjyWpFT3diUmM+x2vt4p4fw=
github.com/pion/logging v0.2.1 h1:LwASkBKZ+2ysGJ+jLv1E/9H1ge0k1nTfi1X+5zirkDk=
github.com/pion/logging v0.2.1/go.mod h1:k0/tDVsRCX2Mb2ZEmTqNa7CWsQPc+YYCB7Q+5pahoms=
github.com/pion/quic v0.1.1/go.mod h1:zEU51v7ru8Mp4AUBJvj6psrSth5eEFNnVQK5K48oV3k=
github.com/pion/rtcp v1.2.0 h1:rT2FptW5YHIern+4XlbGYnnsT26XGxurnkNLnzhtDXg=
github.com/pion/rtcp v1.2.0/go.mod h1:a5dj2d6BKIKHl43EnAOIrCczcjESrtPuMgfmL6/K6QM=
github.com/pion/rtp v1.1.1 h1:lag+9/lSOLBEYeYB/28KXm/ka1H++4wkmSj/WkttV6Y=
github.com/pion/rtp v1.1.1/go.mod h1:/l4cvcKd0D3u9JLs2xSVI95YkfXW87a3br3nqmVtSlE=
github.com/pion/sctp v1.6.0 h1:WMfBhw6vHUl68NVsFOYjngPpr/+OMW/4esIH8U3Pd5s=
github.com/pion/sctp v1.6.0/go.mod h1:2OUthw9DpDB3AGoHFHMUrxBlhLXPJfrn/Q52qECtGZI=
github.com/pion/sdp/v2 v2.1.1 h1:i3fAyjiLuQseYNo0BtCOPfzp91Ppb7vasRGmUUTog28=
github.com/pion/sdp/v2 v2.1.1/go.mod h1:idSlWxhfWQDtTy9J05cgxpHBu/POwXN2VDRGYxT/EjU=
github.com/pion/srtp v1.2.3 h1:apLkkpGRr4DLX5w9ouE7pQR0cXyj8L27I35Cxzk0RGs=
github.com/pion/srtp v1.2.3/go.mod h1:17CD1YQ0gb5UtcQnwUKhS8gIKHBMlyNQcxtXZ99xhEA=
github.com/pion/stun v0.2.1 h1:rSKJ0ynYkRalRD8BifmkaGLeepCFuGTwG6FxPsrPK8o=
github.com/pion/stun v0.2.1/go.mod h1:TChCNKgwnFiFG/c9K+zqEdd6pO6tlODb9yN1W/zVfsE=
github.com/pion/transport v0.6.0/go.mod h1:iWZ07doqOosSLMhZ+FXUTq+TamDoXSllxpbGcfkCmbE=
github.com/pion/transport v0.7.0 h1:EsXN8TglHMlKZMo4ZGqwK6QgXBu0WYg7wfGMWIXsS+w=
github.com/pion/transport v0.7.0/go.mod h1:iWZ07doqOosSLMhZ+FXUTq+TamDoXSllxpbGcfkCmbE=
github.com/pion/webrtc/v2 v2.0.9 h1:OrypsFjY7R5qfh5++0p11NbeLYgsK1BBlr4CHIo7x+0=
github.com/pion/webrtc/v2 v2.0.9/go.mod h1:XyyPNXTJ1H2EiQcgb5C/Tpardi1ugfEn8KBu7zEzVy0=
github.com/pkg/errors v0.8.0/go.mod h1:bwawxfHBFNV+L2hUp1rHADufV3IMtnDRdf1r5NINEl0=
github.com/pkg/errors v0.8.1 h1:iURUrRGxPUNPdy5/HRSm+Yj6okJ6UtLINN0Q9M4+h3I=
github.com/pkg/errors v0.8.1/go.mod h1:bwawxfHBFNV+L2hUp1rHADufV3IMtnDRdf1r5NINEl0=
github.com/pmezard/go-difflib v1.0.0/go.mod h1:iKH77koFhYxTK1pcRnkKkqfTogsbg7gZNVY4sRDYZ/4=
github.com/stretchr/objx v0.1.0/go.mod h1:HFkY916IF+rwdDfMAkV7OtwuqBVzrE8GR6GFx+wExME=
github.com/stretchr/testify v1.3.0/go.mod h1:M5WIy9Dh21IEIfnGCwXGc5bZfKNJtfHm1UVUgZn+9EI=
golang.org/x/crypto v0.0.0-20190228161510-8dd112bcdc25/go.mod h1:djNgcEr1/C05ACkg1iLfiJU5Ep61QUkGW8qpdssI0+w=
golang.org/x/crypto v0.0.0-20190404164418-38d8ce5564a5 h1:bselrhR0Or1vomJZC8ZIjWtbDmn9OYFLX5Ik9alpJpE=
golang.org/x/crypto v0.0.0-20190404164418-38d8ce5564a5/go.mod h1:WFFai1msRO1wXaEeE5yQxYXgSfI8pQAWXbQop6sCtWE=
golang.org/x/net v0.0.0-20180906233101-161cd47e91fd/go.mod h1:mL1N/T3taQHkDXs73rZJwtUhF3w3ftmwwsq0BUmARs4=
golang.org/x/sync v0.0.0-20180314180146-1d60e4601c6f/go.mod h1:RxMgew5VJxzue5/jJTE5uejpjVlOe/izrB70Jof72aM=
golang.org/x/sys v0.0.0-20180909124046-d0be0721c37e/go.mod h1:STP8DvDyc/dI5b8T5hshtkjS+E42TnysNCUPdjciGhY=
golang.org/x/sys v0.0.0-20190215142949-d0b11bdaac8a/go.mod h1:STP8DvDyc/dI5b8T5hshtkjS+E42TnysNCUPdjciGhY=
golang.org/x/sys v0.0.0-20190228124157-a34e9553db1e/go.mod h1:STP8DvDyc/dI5b8T5hshtkjS+E42TnysNCUPdjciGhY=
golang.org/x/sys v0.0.0-20190403152447-81d4e9dc473e/go.mod h1:h1NjWce9XRLGQEsW7wpKNCjG9DtNlClVuFLEZdDNbEs=
golang.org/x/text v0.3.0/go.mod h1:NqM8EUOU14njkJ3fqMW+pc6Ldnwhi/IjpwHt7yyuwOQ=
gopkg.in/check.v1 v0.0.0-20161208181325-20d25e280405/go.mod h1:Co6ibVJAznAaIkqp8huTwlJQCZ016jof/cbN4VW5Yz0=
gopkg.in/fsnotify.v1 v1.4.7/go.mod h1:Tz8NjZHkW78fSQdbUxIjBTcgA1z1m8ZHf0WmKUhAMys=
gopkg.in/tomb.v1 v1.0.0-20141024135613-dd632973f1e7/go.mod h1:dt/ZhP58zS4L8KSrWDmTeBkI65Dw0HsyUHuEVlX15mw=
gopkg.in/yaml.v2 v2.2.1/go.mod h1:hI93XBmqTisBFMUTm0b8Fm+jr3Dg1NNxqwp+5A1VGuI=
